github.com/arandu-io/framework v0.49.0 h1:PNpDu9y7jntDc2Ai3U6MoTpejb7O43V9T2yPQrVZvgY=
github.com/arandu-io/framework v0.49.0/go.mod h1:40xrRcU+UBJ65jReGDCD+jhJwYczpB1Vf6nOZyJT5ko=
github.com/arandu-io/hesape v0.43.1 h1:IH5odq1XzR5SSFxVcmbUI5p0NH8j0BuqL08dGDJB5WA=
github.com/arandu-io/hesape v0.43.1/go.mod h1:EGvD/xu7BKqX/sT4p/XN+igAb5tBagA/VwoEqeVV1b0=
golang.org/x/crypto v0.57.0 h1:3ZVCjf8Ggz7zneR/EHRVx68Ctf+2pmIMP2UFhh9cC6M=
golang.org/x/crypto v0.57.0/go.mod h1:Fdz0i5U6CoizGwLda9DttjSk6qlZo25zYNtR+ycvuZA=
golang.org/x/net v0.59.0 h1:5zfYln+w5XCxwrnMMJPufRgNoXEaGxl0wo5GqPXyues=
golang.org/x/net v0.59.0/go.mod h1:2DA/G1UfVbCpQPeWTmMPGY7Cs2PkBkwu743bVX5PIVg=
golang.org/x/sys v0.48.0 h1:bbX/i/6MgT9BVLM9RT1thmxL04yeTAhbEz4SyadbXoo=
golang.org/x/sys v0.48.0/go.mod h1:hNLxWAXmnKAxqDtdwIYC4bM9oQPEecfsnNMuSxOs3og=
