github.com/arandu-io/framework v0.50.0 h1:dIQIDl0zsPlNun5QnGRacY2pf2Nx091twK7V+Efw6K0=
github.com/arandu-io/framework v0.50.0/go.mod h1:YMHtc0bPK03xxVLanTlQ0t4zijCmfj0pY/VGz5ccn2E=
github.com/arandu-io/hesape v0.50.3 h1:ZStwsDSelPyedO/0pUc41NkekhL9/wuMRY2eKVW8560=
github.com/arandu-io/hesape v0.50.3/go.mod h1:EGvD/xu7BKqX/sT4p/XN+igAb5tBagA/VwoEqeVV1b0=
golang.org/x/crypto v0.57.0 h1:3ZVCjf8Ggz7zneR/EHRVx68Ctf+2pmIMP2UFhh9cC6M=
golang.org/x/crypto v0.57.0/go.mod h1:Fdz0i5U6CoizGwLda9DttjSk6qlZo25zYNtR+ycvuZA=
golang.org/x/net v0.59.0 h1:5zfYln+w5XCxwrnMMJPufRgNoXEaGxl0wo5GqPXyues=
golang.org/x/net v0.59.0/go.mod h1:2DA/G1UfVbCpQPeWTmMPGY7Cs2PkBkwu743bVX5PIVg=
golang.org/x/sys v0.48.0 h1:bbX/i/6MgT9BVLM9RT1thmxL04yeTAhbEz4SyadbXoo=
golang.org/x/sys v0.48.0/go.mod h1:hNLxWAXmnKAxqDtdwIYC4bM9oQPEecfsnNMuSxOs3og=
